
Microsoft Visual Studio Solution File, Format Version 12.00
# Visual Studio Version 16
VisualStudioVersion = 16.0.30320.27
MinimumVisualStudioVersion = 10.0.40219.1
Project("{FAE04EC0-301F-11D3-BF4B-00C04F79EFBC}") = "FreePDFSplitterMerger", "FreePdfMerger\FreePDFSplitterMerger.csproj", "{F1410952-FE57-45C4-8385-0F55EBAC7E00}"
EndProject
Global
	GlobalSection(SolutionConfigurationPlatforms) = preSolution
		Debug|Any CPU = Debug|Any CPU
		Release|Any CPU = Release|Any CPU
	EndGlobalSection
	GlobalSection(ProjectConfigurationPlatforms) = postSolution
		{F1410952-FE57-45C4-8385-0F55EBAC7E00}.Debug|Any CPU.ActiveCfg = Debug|Any CPU
		{F1410952-FE57-45C4-8385-0F55EBAC7E00}.Debug|Any CPU.Build.0 = Debug|Any CPU
		{F1410952-FE57-45C4-8385-0F55EBAC7E00}.Release|Any CPU.ActiveCfg = Release|Any CPU
		{F1410952-FE57-45C4-8385-0F55EBAC7E00}.Release|Any CPU.Build.0 = Release|Any CPU
	EndGlobalSection
	GlobalSection(SolutionProperties) = preSolution
		HideSolutionNode = FALSE
	EndGlobalSection
	GlobalSection(ExtensibilityGlobals) = postSolution
		SolutionGuid = {ACBB511A-B861-467B-A539-57871F317D59}
	EndGlobalSection
EndGlobal
